
Microsoft Visual Studio Solution File, Format Version 12.00
# Visual Studio 15
VisualStudioVersion = 15.0.27004.2010
MinimumVisualStudioVersion = 10.0.40219.1
Project("{FAE04EC0-301F-11D3-BF4B-00C04F79EFBC}") = "TheGameOfLife", "TheGameOfLife\TheGameOfLife.csproj", "{53C9A59A-8D33-4608-8FF7-8AB33FC4FD7C}"
EndProject
Project("{FAE04EC0-301F-11D3-BF4B-00C04F79EFBC}") = "TheGameOfLife.Models", "TheGameOfLife.Models\TheGameOfLife.Models.csproj", "{03B7C3F8-9348-414F-B75A-94CDA8AC8487}"
EndProject
Project("{FAE04EC0-301F-11D3-BF4B-00C04F79EFBC}") = "TheGameOfLife.BL", "TheGameOfLife.BL\TheGameOfLife.BL.csproj", "{838C7F8B-B2B8-4DA9-B6DF-DBB00BA6AD01}"
EndProject
Project("{FAE04EC0-301F-11D3-BF4B-00C04F79EFBC}") = "TheGameOfLife.Tests", "TheGameOfLife.Tests\TheGameOfLife.Tests.csproj", "{CB8BD457-0A0A-4025-B418-749864299101}"
EndProject
Project("{FAE04EC0-301F-11D3-BF4B-00C04F79EFBC}") = "TheGameOfLife.Shared", "TheGameOfLife.Shared\TheGameOfLife.Shared.csproj", "{66AEF1D8-C44D-459E-9CAD-0729B5FF71BA}"
EndProject
Global
	GlobalSection(SolutionConfigurationPlatforms) = preSolution
		Debug|Any CPU = Debug|Any CPU
		Release|Any CPU = Release|Any CPU
	EndGlobalSection
	GlobalSection(ProjectConfigurationPlatforms) = postSolution
		{53C9A59A-8D33-4608-8FF7-8AB33FC4FD7C}.Debug|Any CPU.ActiveCfg = Debug|Any CPU
		{53C9A59A-8D33-4608-8FF7-8AB33FC4FD7C}.Debug|Any CPU.Build.0 = Debug|Any CPU
		{53C9A59A-8D33-4608-8FF7-8AB33FC4FD7C}.Release|Any CPU.ActiveCfg = Release|Any CPU
		{53C9A59A-8D33-4608-8FF7-8AB33FC4FD7C}.Release|Any CPU.Build.0 = Release|Any CPU
		{03B7C3F8-9348-414F-B75A-94CDA8AC8487}.Debug|Any CPU.ActiveCfg = Debug|Any CPU
		{03B7C3F8-9348-414F-B75A-94CDA8AC8487}.Debug|Any CPU.Build.0 = Debug|Any CPU
		{03B7C3F8-9348-414F-B75A-94CDA8AC8487}.Release|Any CPU.ActiveCfg = Release|Any CPU
		{03B7C3F8-9348-414F-B75A-94CDA8AC8487}.Release|Any CPU.Build.0 = Release|Any CPU
		{838C7F8B-B2B8-4DA9-B6DF-DBB00BA6AD01}.Debug|Any CPU.ActiveCfg = Debug|Any CPU
		{838C7F8B-B2B8-4DA9-B6DF-DBB00BA6AD01}.Debug|Any CPU.Build.0 = Debug|Any CPU
		{838C7F8B-B2B8-4DA9-B6DF-DBB00BA6AD01}.Release|Any CPU.ActiveCfg = Release|Any CPU
		{838C7F8B-B2B8-4DA9-B6DF-DBB00BA6AD01}.Release|Any CPU.Build.0 = Release|Any CPU
		{CB8BD457-0A0A-4025-B418-749864299101}.Debug|Any CPU.ActiveCfg = Debug|Any CPU
		{CB8BD457-0A0A-4025-B418-749864299101}.Debug|Any CPU.Build.0 = Debug|Any CPU
		{CB8BD457-0A0A-4025-B418-749864299101}.Release|Any CPU.ActiveCfg = Release|Any CPU
		{CB8BD457-0A0A-4025-B418-749864299101}.Release|Any CPU.Build.0 = Release|Any CPU
		{66AEF1D8-C44D-459E-9CAD-0729B5FF71BA}.Debug|Any CPU.ActiveCfg = Debug|Any CPU
		{66AEF1D8-C44D-459E-9CAD-0729B5FF71BA}.Debug|Any CPU.Build.0 = Debug|Any CPU
		{66AEF1D8-C44D-459E-9CAD-0729B5FF71BA}.Release|Any CPU.ActiveCfg = Release|Any CPU
		{66AEF1D8-C44D-459E-9CAD-0729B5FF71BA}.Release|Any CPU.Build.0 = Release|Any CPU
	EndGlobalSection
	GlobalSection(SolutionProperties) = preSolution
		HideSolutionNode = FALSE
	EndGlobalSection
	GlobalSection(ExtensibilityGlobals) = postSolution
		SolutionGuid = {2BE6B748-4912-4EAB-A45E-11570D156B77}
	EndGlobalSection
EndGlobal
